
Microsoft Visual Studio Solution File, Format Version 12.00
# Visual Studio Version 16
VisualStudioVersion = 16.0.33927.289
MinimumVisualStudioVersion = 10.0.40219.1
Project("{FAE04EC0-301F-11D3-BF4B-00C04F79EFBC}") = "PTriangulo2", "PTriangulo2\PTriangulo2.csproj", "{CC0603F8-9970-4B8E-8A72-4F61A8BF3E04}"
EndProject
Global
	GlobalSection(SolutionConfigurationPlatforms) = preSolution
		Debug|Any CPU = Debug|Any CPU
		Release|Any CPU = Release|Any CPU
	EndGlobalSection
	GlobalSection(ProjectConfigurationPlatforms) = postSolution
		{CC0603F8-9970-4B8E-8A72-4F61A8BF3E04}.Debug|Any CPU.ActiveCfg = Debug|Any CPU
		{CC0603F8-9970-4B8E-8A72-4F61A8BF3E04}.Debug|Any CPU.Build.0 = Debug|Any CPU
		{CC0603F8-9970-4B8E-8A72-4F61A8BF3E04}.Release|Any CPU.ActiveCfg = Release|Any CPU
		{CC0603F8-9970-4B8E-8A72-4F61A8BF3E04}.Release|Any CPU.Build.0 = Release|Any CPU
	EndGlobalSection
	GlobalSection(SolutionProperties) = preSolution
		HideSolutionNode = FALSE
	EndGlobalSection
	GlobalSection(ExtensibilityGlobals) = postSolution
		SolutionGuid = {901D605F-8CD6-4448-9A19-FAAA259E50B5}
	EndGlobalSection
EndGlobal
